
Microsoft Visual Studio Solution File, Format Version 12.00
# Visual Studio 15
VisualStudioVersion = 15.0.27428.1
MinimumVisualStudioVersion = 10.0.40219.1
Project("{FAE04EC0-301F-11D3-BF4B-00C04F79EFBC}") = "exercicio2", "exercicio2\exercicio2.csproj", "{B69D2B70-2E8C-426F-B79C-F8C1BC9C6BDB}"
EndProject
Global
	GlobalSection(SolutionConfigurationPlatforms) = preSolution
		Debug|Any CPU = Debug|Any CPU
		Release|Any CPU = Release|Any CPU
	EndGlobalSection
	GlobalSection(ProjectConfigurationPlatforms) = postSolution
		{B69D2B70-2E8C-426F-B79C-F8C1BC9C6BDB}.Debug|Any CPU.ActiveCfg = Debug|Any CPU
		{B69D2B70-2E8C-426F-B79C-F8C1BC9C6BDB}.Debug|Any CPU.Build.0 = Debug|Any CPU
		{B69D2B70-2E8C-426F-B79C-F8C1BC9C6BDB}.Release|Any CPU.ActiveCfg = Release|Any CPU
		{B69D2B70-2E8C-426F-B79C-F8C1BC9C6BDB}.Release|Any CPU.Build.0 = Release|Any CPU
	EndGlobalSection
	GlobalSection(SolutionProperties) = preSolution
		HideSolutionNode = FALSE
	EndGlobalSection
	GlobalSection(ExtensibilityGlobals) = postSolution
		SolutionGuid = {21C9EEE7-5BD3-4F58-BBB4-E79B9D2587C7}
	EndGlobalSection
EndGlobal
