
Microsoft Visual Studio Solution File, Format Version 12.00
# Visual Studio 15
VisualStudioVersion = 15.0.27130.2027
MinimumVisualStudioVersion = 10.0.40219.1
Project("{FAE04EC0-301F-11D3-BF4B-00C04F79EFBC}") = "Exercicio06", "Exercicio06\Exercicio06.csproj", "{2891A131-2566-4266-8E0D-88F8F5B2115C}"
EndProject
Global
	GlobalSection(SolutionConfigurationPlatforms) = preSolution
		Debug|Any CPU = Debug|Any CPU
		Release|Any CPU = Release|Any CPU
	EndGlobalSection
	GlobalSection(ProjectConfigurationPlatforms) = postSolution
		{2891A131-2566-4266-8E0D-88F8F5B2115C}.Debug|Any CPU.ActiveCfg = Debug|Any CPU
		{2891A131-2566-4266-8E0D-88F8F5B2115C}.Debug|Any CPU.Build.0 = Debug|Any CPU
		{2891A131-2566-4266-8E0D-88F8F5B2115C}.Release|Any CPU.ActiveCfg = Release|Any CPU
		{2891A131-2566-4266-8E0D-88F8F5B2115C}.Release|Any CPU.Build.0 = Release|Any CPU
	EndGlobalSection
	GlobalSection(SolutionProperties) = preSolution
		HideSolutionNode = FALSE
	EndGlobalSection
	GlobalSection(ExtensibilityGlobals) = postSolution
		SolutionGuid = {D87CC532-15C0-4A64-8451-69D7FF9B709B}
	EndGlobalSection
EndGlobal
