
Microsoft Visual Studio Solution File, Format Version 12.00
# Visual Studio 15
VisualStudioVersion = 15.0.27428.1
MinimumVisualStudioVersion = 10.0.40219.1
Project("{FAE04EC0-301F-11D3-BF4B-00C04F79EFBC}") = "exercicio 9", "exercicio 9\exercicio 9.csproj", "{ED8A070F-42B4-439C-BE22-5B6D246C205A}"
EndProject
Global
	GlobalSection(SolutionConfigurationPlatforms) = preSolution
		Debug|Any CPU = Debug|Any CPU
		Release|Any CPU = Release|Any CPU
	EndGlobalSection
	GlobalSection(ProjectConfigurationPlatforms) = postSolution
		{ED8A070F-42B4-439C-BE22-5B6D246C205A}.Debug|Any CPU.ActiveCfg = Debug|Any CPU
		{ED8A070F-42B4-439C-BE22-5B6D246C205A}.Debug|Any CPU.Build.0 = Debug|Any CPU
		{ED8A070F-42B4-439C-BE22-5B6D246C205A}.Release|Any CPU.ActiveCfg = Release|Any CPU
		{ED8A070F-42B4-439C-BE22-5B6D246C205A}.Release|Any CPU.Build.0 = Release|Any CPU
	EndGlobalSection
	GlobalSection(SolutionProperties) = preSolution
		HideSolutionNode = FALSE
	EndGlobalSection
	GlobalSection(ExtensibilityGlobals) = postSolution
		SolutionGuid = {AD6AB428-9477-4DC9-B757-B11C23E2389C}
	EndGlobalSection
EndGlobal
