
Microsoft Visual Studio Solution File, Format Version 12.00
# Visual Studio 15
VisualStudioVersion = 15.0.27130.2027
MinimumVisualStudioVersion = 10.0.40219.1
Project("{FAE04EC0-301F-11D3-BF4B-00C04F79EFBC}") = "exercicio002", "exercicio002\exercicio002.csproj", "{575FB816-9034-400A-8D45-53B6B24AF586}"
EndProject
Global
	GlobalSection(SolutionConfigurationPlatforms) = preSolution
		Debug|Any CPU = Debug|Any CPU
		Release|Any CPU = Release|Any CPU
	EndGlobalSection
	GlobalSection(ProjectConfigurationPlatforms) = postSolution
		{575FB816-9034-400A-8D45-53B6B24AF586}.Debug|Any CPU.ActiveCfg = Debug|Any CPU
		{575FB816-9034-400A-8D45-53B6B24AF586}.Debug|Any CPU.Build.0 = Debug|Any CPU
		{575FB816-9034-400A-8D45-53B6B24AF586}.Release|Any CPU.ActiveCfg = Release|Any CPU
		{575FB816-9034-400A-8D45-53B6B24AF586}.Release|Any CPU.Build.0 = Release|Any CPU
	EndGlobalSection
	GlobalSection(SolutionProperties) = preSolution
		HideSolutionNode = FALSE
	EndGlobalSection
	GlobalSection(ExtensibilityGlobals) = postSolution
		SolutionGuid = {85275913-31B4-4034-B973-94E6DC055384}
	EndGlobalSection
EndGlobal
